
Microsoft Visual Studio Solution File, Format Version 12.00
# Visual Studio Version 16
VisualStudioVersion = 16.0.29926.136
MinimumVisualStudioVersion = 10.0.40219.1
Project("{FAE04EC0-301F-11D3-BF4B-00C04F79EFBC}") = "SqlTableDependencyClient", "SqlTableDependencyClient\SqlTableDependencyClient.csproj", "{45376935-287A-4ACC-B181-B09556076A94}"
EndProject
Global
	GlobalSection(SolutionConfigurationPlatforms) = preSolution
		Debug|Any CPU = Debug|Any CPU
		Release|Any CPU = Release|Any CPU
	EndGlobalSection
	GlobalSection(ProjectConfigurationPlatforms) = postSolution
		{45376935-287A-4ACC-B181-B09556076A94}.Debug|Any CPU.ActiveCfg = Debug|Any CPU
		{45376935-287A-4ACC-B181-B09556076A94}.Debug|Any CPU.Build.0 = Debug|Any CPU
		{45376935-287A-4ACC-B181-B09556076A94}.Release|Any CPU.ActiveCfg = Release|Any CPU
		{45376935-287A-4ACC-B181-B09556076A94}.Release|Any CPU.Build.0 = Release|Any CPU
	EndGlobalSection
	GlobalSection(SolutionProperties) = preSolution
		HideSolutionNode = FALSE
	EndGlobalSection
	GlobalSection(ExtensibilityGlobals) = postSolution
		SolutionGuid = {BC034DD2-B783-4FCA-88A9-AD0182642F59}
	EndGlobalSection
EndGlobal
